
Microsoft Visual Studio Solution File, Format Version 12.00
# Visual Studio Version 17
VisualStudioVersion = 17.1.32421.90
MinimumVisualStudioVersion = 10.0.40219.1
Project("{FAE04EC0-301F-11D3-BF4B-00C04F79EFBC}") = "rock_paper_scissors_game_bot", "rock_paper_scissors_game_bot\rock_paper_scissors_game_bot.csproj", "{485329F9-CCB5-4F95-96F4-E199B376A133}"
EndProject
Global
	GlobalSection(SolutionConfigurationPlatforms) = preSolution
		Debug|Any CPU = Debug|Any CPU
		Release|Any CPU = Release|Any CPU
	EndGlobalSection
	GlobalSection(ProjectConfigurationPlatforms) = postSolution
		{485329F9-CCB5-4F95-96F4-E199B376A133}.Debug|Any CPU.ActiveCfg = Debug|Any CPU
		{485329F9-CCB5-4F95-96F4-E199B376A133}.Debug|Any CPU.Build.0 = Debug|Any CPU
		{485329F9-CCB5-4F95-96F4-E199B376A133}.Release|Any CPU.ActiveCfg = Release|Any CPU
		{485329F9-CCB5-4F95-96F4-E199B376A133}.Release|Any CPU.Build.0 = Release|Any CPU
	EndGlobalSection
	GlobalSection(SolutionProperties) = preSolution
		HideSolutionNode = FALSE
	EndGlobalSection
	GlobalSection(ExtensibilityGlobals) = postSolution
		SolutionGuid = {F85798F5-B88A-456F-99BB-DB6E395C0C00}
	EndGlobalSection
EndGlobal
